
Microsoft Visual Studio Solution File, Format Version 12.00
# Visual Studio 15
VisualStudioVersion = 15.0.28010.2050
MinimumVisualStudioVersion = 10.0.40219.1
Project("{9A19103F-16F7-4668-BE54-9A1E7A4F7556}") = "AzSK.ARMChecker.Lib", "AzSK.ARMChecker.Lib.csproj", "{68E799CE-EE68-4F7F-9A75-BD488E3DDE3F}"
EndProject
Project("{FAE04EC0-301F-11D3-BF4B-00C04F79EFBC}") = "Driver", "..\..\..\SR-Id-Cloud-DevOps-AzSK-ARMChecker0204\ArmTemplateEvaluator\Driver\Driver.csproj", "{6BF958EF-9F5E-427C-AC20-F1C844C3570D}"
EndProject
Global
	GlobalSection(SolutionConfigurationPlatforms) = preSolution
		Debug|Any CPU = Debug|Any CPU
		Release|Any CPU = Release|Any CPU
	EndGlobalSection
	GlobalSection(ProjectConfigurationPlatforms) = postSolution
		{68E799CE-EE68-4F7F-9A75-BD488E3DDE3F}.Debug|Any CPU.ActiveCfg = Debug|Any CPU
		{68E799CE-EE68-4F7F-9A75-BD488E3DDE3F}.Debug|Any CPU.Build.0 = Debug|Any CPU
		{68E799CE-EE68-4F7F-9A75-BD488E3DDE3F}.Release|Any CPU.ActiveCfg = Release|Any CPU
		{68E799CE-EE68-4F7F-9A75-BD488E3DDE3F}.Release|Any CPU.Build.0 = Release|Any CPU
		{6BF958EF-9F5E-427C-AC20-F1C844C3570D}.Debug|Any CPU.ActiveCfg = Debug|Any CPU
		{6BF958EF-9F5E-427C-AC20-F1C844C3570D}.Debug|Any CPU.Build.0 = Debug|Any CPU
		{6BF958EF-9F5E-427C-AC20-F1C844C3570D}.Release|Any CPU.ActiveCfg = Release|Any CPU
		{6BF958EF-9F5E-427C-AC20-F1C844C3570D}.Release|Any CPU.Build.0 = Release|Any CPU
	EndGlobalSection
	GlobalSection(SolutionProperties) = preSolution
		HideSolutionNode = FALSE
	EndGlobalSection
	GlobalSection(ExtensibilityGlobals) = postSolution
		SolutionGuid = {AA06A0C0-CB6B-4B7A-9BFC-9C4FE82EB4C4}
	EndGlobalSection
EndGlobal
